
Microsoft Visual Studio Solution File, Format Version 12.00
# Visual Studio Version 16
VisualStudioVersion = 16.0.32106.194
MinimumVisualStudioVersion = 10.0.40219.1
Project("{8BC9CEB8-8B4A-11D0-8D11-00A0C91BC942}") = "BattleshipSweeperFinal", "BattleshipSweeperFinal\BattleshipSweeperFinal.vcxproj", "{40BAB567-B818-4BC6-8DB8-5E7E8DB62A2E}"
EndProject
Global
	GlobalSection(SolutionConfigurationPlatforms) = preSolution
		Debug|x64 = Debug|x64
		Debug|x86 = Debug|x86
		Release|x64 = Release|x64
		Release|x86 = Release|x86
	EndGlobalSection
	GlobalSection(ProjectConfigurationPlatforms) = postSolution
		{40BAB567-B818-4BC6-8DB8-5E7E8DB62A2E}.Debug|x64.ActiveCfg = Debug|x64
		{40BAB567-B818-4BC6-8DB8-5E7E8DB62A2E}.Debug|x64.Build.0 = Debug|x64
		{40BAB567-B818-4BC6-8DB8-5E7E8DB62A2E}.Debug|x86.ActiveCfg = Debug|Win32
		{40BAB567-B818-4BC6-8DB8-5E7E8DB62A2E}.Debug|x86.Build.0 = Debug|Win32
		{40BAB567-B818-4BC6-8DB8-5E7E8DB62A2E}.Release|x64.ActiveCfg = Release|x64
		{40BAB567-B818-4BC6-8DB8-5E7E8DB62A2E}.Release|x64.Build.0 = Release|x64
		{40BAB567-B818-4BC6-8DB8-5E7E8DB62A2E}.Release|x86.ActiveCfg = Release|Win32
		{40BAB567-B818-4BC6-8DB8-5E7E8DB62A2E}.Release|x86.Build.0 = Release|Win32
	EndGlobalSection
	GlobalSection(SolutionProperties) = preSolution
		HideSolutionNode = FALSE
	EndGlobalSection
	GlobalSection(ExtensibilityGlobals) = postSolution
		SolutionGuid = {98E0E616-E273-43B5-B9EF-6A46AD187F90}
	EndGlobalSection
EndGlobal
